Microsoft Visual Studio Solution File, Format Version 11.00
# Visual Studio 2008

Project("{DC37BA6B-13AF-23F9-6EA6-DEB686F84FD1}") = "ShelvesOS", "Assembly-CSharp-firstpass-vs.csproj", "{6E0B8337-3672-F992-06B3-503D35E8A36B}"
EndProject
Project("{DC37BA6B-13AF-23F9-6EA6-DEB686F84FD1}") = "ShelvesOS", "Assembly-CSharp-vs.csproj", "{D078D564-23C0-FD59-379D-DBA2E4C3320B}"
EndProject
Global
	GlobalSection(SolutionConfigurationPlatforms) = preSolution
		Debug|Any CPU = Debug|Any CPU
		Release|Any CPU = Release|Any CPU
	EndGlobalSection
	GlobalSection(ProjectConfigurationPlatforms) = postSolution
		{6E0B8337-3672-F992-06B3-503D35E8A36B}.Debug|Any CPU.ActiveCfg = Debug|Any CPU
		{6E0B8337-3672-F992-06B3-503D35E8A36B}.Debug|Any CPU.Build.0 = Debug|Any CPU
		{6E0B8337-3672-F992-06B3-503D35E8A36B}.Release|Any CPU.ActiveCfg = Release|Any CPU
		{6E0B8337-3672-F992-06B3-503D35E8A36B}.Release|Any CPU.Build.0 = Release|Any CPU
		{D078D564-23C0-FD59-379D-DBA2E4C3320B}.Debug|Any CPU.ActiveCfg = Debug|Any CPU
		{D078D564-23C0-FD59-379D-DBA2E4C3320B}.Debug|Any CPU.Build.0 = Debug|Any CPU
		{D078D564-23C0-FD59-379D-DBA2E4C3320B}.Release|Any CPU.ActiveCfg = Release|Any CPU
		{D078D564-23C0-FD59-379D-DBA2E4C3320B}.Release|Any CPU.Build.0 = Release|Any CPU
	EndGlobalSection
	GlobalSection(SolutionProperties) = preSolution
		HideSolutionNode = FALSE
	EndGlobalSection
																			GlobalSection(MonoDevelopProperties) = preSolution
		StartupItem = Assembly-CSharp.csproj
		Policies = $0
		$0.TextStylePolicy = $1
		$1.inheritsSet = null
		$1.scope = text/x-csharp
		$0.CSharpFormattingPolicy = $2
		$2.inheritsSet = Mono
		$2.inheritsScope = text/x-csharp
		$2.scope = text/x-csharp
		$0.TextStylePolicy = $3
		$3.FileWidth = 120
		$3.TabWidth = 4
		$3.EolMarker = Unix
		$3.inheritsSet = Mono
		$3.inheritsScope = text/plain
		$3.scope = text/plain
	EndGlobalSection

EndGlobal
